
Microsoft Visual Studio Solution File, Format Version 12.00
# Visual Studio Version 16
VisualStudioVersion = 16.0.30717.126
MinimumVisualStudioVersion = 10.0.40219.1
Project("{FAE04EC0-301F-11D3-BF4B-00C04F79EFBC}") = "CodewarsCSharpSolutions", "CodewarsCSharpSolutions\CodewarsCSharpSolutions.csproj", "{310C0A78-DE13-4C0D-89DD-A38B9CC1BE92}"
EndProject
Global
	GlobalSection(SolutionConfigurationPlatforms) = preSolution
		Debug|Any CPU = Debug|Any CPU
		Release|Any CPU = Release|Any CPU
	EndGlobalSection
	GlobalSection(ProjectConfigurationPlatforms) = postSolution
		{310C0A78-DE13-4C0D-89DD-A38B9CC1BE92}.Debug|Any CPU.ActiveCfg = Debug|Any CPU
		{310C0A78-DE13-4C0D-89DD-A38B9CC1BE92}.Debug|Any CPU.Build.0 = Debug|Any CPU
		{310C0A78-DE13-4C0D-89DD-A38B9CC1BE92}.Release|Any CPU.ActiveCfg = Release|Any CPU
		{310C0A78-DE13-4C0D-89DD-A38B9CC1BE92}.Release|Any CPU.Build.0 = Release|Any CPU
	EndGlobalSection
	GlobalSection(SolutionProperties) = preSolution
		HideSolutionNode = FALSE
	EndGlobalSection
	GlobalSection(ExtensibilityGlobals) = postSolution
		SolutionGuid = {1B3376B5-B90F-4EA0-B606-797725B2E2CB}
	EndGlobalSection
EndGlobal
